" Generated by vim-plug
" Fri Jan 18 22:28:17 2019
" :source this file in vim to restore the snapshot
" or execute: vim -S snapshot.vim

silent! let g:plugs['Dockerfile.vim'].commit = '4e31ae2'
silent! let g:plugs['LanguageClient-neovim'].commit = '8c029c9'
silent! let g:plugs['MatchTagAlways'].commit = '352eb47'
silent! let g:plugs['ale'].commit = 'd1fc084b'
silent! let g:plugs['auto-pairs'].commit = '179520e'
silent! let g:plugs['colorsbox'].commit = '77de081'
silent! let g:plugs['deoplete.nvim'].commit = 'ad9824d'
silent! let g:plugs['echodoc.vim'].commit = '2ca26d0'
silent! let g:plugs['editorconfig-vim'].commit = '68f8136'
silent! let g:plugs['emmet-vim'].commit = '19e3240'
silent! let g:plugs['fzf'].commit = '5d16b28'
silent! let g:plugs['fzf.vim'].commit = 'f0acabf'
silent! let g:plugs['gitv'].commit = 'e9486c2'
silent! let g:plugs['goyo.vim'].commit = '5b8bd03'
silent! let g:plugs['html5.vim'].commit = '3db896b'
silent! let g:plugs['javascript-libraries-syntax.vim'].commit = '5ef435d'
silent! let g:plugs['limelight.vim'].commit = '106fb57'
silent! let g:plugs['materialbox'].commit = '2061e4f'
silent! let g:plugs['neco-syntax'].commit = '98cba4a'
silent! let g:plugs['neco-vim'].commit = '4c0203b'
silent! let g:plugs['nvim-typescript'].commit = 'bb314e4'
silent! let g:plugs['pyparens.nvim'].commit = 'c48d4b8'
silent! let g:plugs['rust.vim'].commit = '12f549f'
silent! let g:plugs['scss-syntax.vim'].commit = 'a0a7ad3'
silent! let g:plugs['sideways.vim'].commit = '9dd871e'
silent! let g:plugs['splitjoin.vim'].commit = '4903f55'
silent! let g:plugs['supertab'].commit = '40fe711'
silent! let g:plugs['targets.vim'].commit = 'd6466f6'
silent! let g:plugs['ultisnips'].commit = '16527f5'
silent! let g:plugs['undotree'].commit = '9172c17'
silent! let g:plugs['vim-abolish'].commit = 'b95463a'
silent! let g:plugs['vim-apathy'].commit = 'b1fefe1'
silent! let g:plugs['vim-bundler'].commit = '67984a3'
silent! let g:plugs['vim-capslock'].commit = '6c5b03e'
silent! let g:plugs['vim-carbon-now-sh'].commit = '9bcee5a'
silent! let g:plugs['vim-commentary'].commit = '141d9d3'
silent! let g:plugs['vim-css-color'].commit = '8d640e4'
silent! let g:plugs['vim-css3-syntax'].commit = 'd7f0f43'
silent! let g:plugs['vim-dadbod'].commit = '9ac6460'
silent! let g:plugs['vim-deus'].commit = 'bd29baa'
silent! let g:plugs['vim-dirvish'].commit = 'd33796c'
silent! let g:plugs['vim-dirvish-git'].commit = '423bbb5'
silent! let g:plugs['vim-dispatch'].commit = 'a795955'
silent! let g:plugs['vim-easy-align'].commit = '1cd724d'
silent! let g:plugs['vim-endwise'].commit = 'f67d022'
silent! let g:plugs['vim-exchange'].commit = '05d82b8'
silent! let g:plugs['vim-fugitive'].commit = '552baf9'
silent! let g:plugs['vim-gitgutter'].commit = 'faa1e95'
silent! let g:plugs['vim-graphql'].commit = '142f346'
silent! let g:plugs['vim-haml'].commit = 'ca22091'
silent! let g:plugs['vim-javascript'].commit = '50c1357'
silent! let g:plugs['vim-json'].commit = '3727f08'
silent! let g:plugs['vim-jsx'].commit = 'ffc0bfd'
silent! let g:plugs['vim-markdown'].commit = 'be5e60f'
silent! let g:plugs['vim-obsession'].commit = '95a5762'
silent! let g:plugs['vim-one'].commit = '08aca1b'
silent! let g:plugs['vim-racer'].commit = '9c0a05e'
silent! let g:plugs['vim-rails'].commit = 'cb188c6'
silent! let g:plugs['vim-rbenv'].commit = '79a3316'
silent! let g:plugs['vim-repeat'].commit = '43d2678'
silent! let g:plugs['vim-rhubarb'].commit = 'e57ed3b'
silent! let g:plugs['vim-ruby'].commit = 'b3a4af9'
silent! let g:plugs['vim-scriptease'].commit = '386f19c'
silent! let g:plugs['vim-searchindex'].commit = '576a701'
silent! let g:plugs['vim-sleuth'].commit = '7a104e3'
silent! let g:plugs['vim-speeddating'].commit = '799cd34'
silent! let g:plugs['vim-styled-components'].commit = 'b57218d'
silent! let g:plugs['vim-surround'].commit = '5970688'
silent! let g:plugs['vim-test'].commit = '2bc2841'
silent! let g:plugs['vim-tmux-navigator'].commit = '9f7d158'
silent! let g:plugs['vim-twiggy'].commit = 'd8fe9ae'
silent! let g:plugs['vim-unimpaired'].commit = 'b3f0f75'
silent! let g:plugs['vimagit'].commit = '91b947c'
silent! let g:plugs['yats.vim'].commit = 'c743a40'

PlugUpdate!

